Microsoft Visual Studio Solution File, Format Version 8.00
Project("{8BC9CEB8-8B4A-11D0-8D11-00A0C91BC942}") = "thread1", "thread1.vcproj", "{253AC0BC-F689-4CBB-938F-6AE2927CFD4E}"
	ProjectSection(ProjectDependencies) = postProject
	EndProjectSection
EndProject
Global
	GlobalSection(SolutionConfiguration) = preSolution
		Debug = Debug
		maxmsp = maxmsp
		Release = Release
	EndGlobalSection
	GlobalSection(ProjectConfiguration) = postSolution
		{253AC0BC-F689-4CBB-938F-6AE2927CFD4E}.Debug.ActiveCfg = Debug|Win32
		{253AC0BC-F689-4CBB-938F-6AE2927CFD4E}.Debug.Build.0 = Debug|Win32
		{253AC0BC-F689-4CBB-938F-6AE2927CFD4E}.maxmsp.ActiveCfg = maxmsp|Win32
		{253AC0BC-F689-4CBB-938F-6AE2927CFD4E}.maxmsp.Build.0 = maxmsp|Win32
		{253AC0BC-F689-4CBB-938F-6AE2927CFD4E}.Release.ActiveCfg = Release|Win32
		{253AC0BC-F689-4CBB-938F-6AE2927CFD4E}.Release.Build.0 = Release|Win32
	EndGlobalSection
	GlobalSection(ExtensibilityGlobals) = postSolution
	EndGlobalSection
	GlobalSection(ExtensibilityAddIns) = postSolution
	EndGlobalSection
EndGlobal
